# THIS IS AN AUTOGENERATED FILE. DO NOT EDIT THIS FILE DIRECTLY.
# yarn lockfile v1


get@^1.4.0:
  version "1.4.0"
  resolved "https://registry.yarnpkg.com/get/-/get-1.4.0.tgz#5de87b935839d755a17964773cc35e41ee33cd57"
  integrity sha512-RIEc0E/y2dTo/90Or33BNQzRNW5R1cchwQQgR9JroZkqxrCFeOlU3/u7nAbpteDR7ziFbmeaQtDTJ3s6B/6vtQ==

shimmer@^1.2.1:
  version "1.2.1"
  resolved "https://registry.yarnpkg.com/shimmer/-/shimmer-1.2.1.tgz#610859f7de327b587efebf501fb43117f9aff337"
  integrity sha512-sQTKC1Re/rM6XyFM6fIAGHRPVGvyXfgzIDvzoq608vM+jeyVD0Tu1E6Np0Kc2zAIFWIj963V2800iF/9LPieQw==
